github.com/spo0q/hugo-debug-bar v0.0.0-20251115161407-414e2db414aa h1:u9xNHmujQghu2AthECoO2/IBj58L4EPhl6D2pfJnheI=
github.com/spo0q/hugo-debug-bar v0.0.0-20251115161407-414e2db414aa/go.mod h1:+/1GKqkfMFlmtmJVWHBdD7uK7pwVHiqgAGsFr8HzO9Y=
github.com/spo0q/hugo-debug-bar v0.0.0-20251115162454-f7ceead9e2b6 h1:fp9gFKBa5L0P8tVrxgFXp0eSTsTXWi9BCp7GILoEdTQ=
github.com/spo0q/hugo-debug-bar v0.0.0-20251115162454-f7ceead9e2b6/go.mod h1:+/1GKqkfMFlmtmJVWHBdD7uK7pwVHiqgAGsFr8HzO9Y=
